
Microsoft Visual Studio Solution File, Format Version 12.00
# Visual Studio Version 17
VisualStudioVersion = 17.4.33205.214
MinimumVisualStudioVersion = 10.0.40219.1
Project("{FAE04EC0-301F-11D3-BF4B-00C04F79EFBC}") = "PasswordValidatorApp", "PasswordValidatorApp\PasswordValidatorApp.csproj", "{13E86E38-7A25-4E6F-A2F5-833F6A3929E3}"
EndProject
Global
	GlobalSection(SolutionConfigurationPlatforms) = preSolution
		Debug|Any CPU = Debug|Any CPU
		Release|Any CPU = Release|Any CPU
	EndGlobalSection
	GlobalSection(ProjectConfigurationPlatforms) = postSolution
		{13E86E38-7A25-4E6F-A2F5-833F6A3929E3}.Debug|Any CPU.ActiveCfg = Debug|Any CPU
		{13E86E38-7A25-4E6F-A2F5-833F6A3929E3}.Debug|Any CPU.Build.0 = Debug|Any CPU
		{13E86E38-7A25-4E6F-A2F5-833F6A3929E3}.Release|Any CPU.ActiveCfg = Release|Any CPU
		{13E86E38-7A25-4E6F-A2F5-833F6A3929E3}.Release|Any CPU.Build.0 = Release|Any CPU
	EndGlobalSection
	GlobalSection(SolutionProperties) = preSolution
		HideSolutionNode = FALSE
	EndGlobalSection
	GlobalSection(ExtensibilityGlobals) = postSolution
		SolutionGuid = {FE049440-380D-414A-8E6C-EA8A9BE17CC1}
	EndGlobalSection
EndGlobal
